
Microsoft Visual Studio Solution File, Format Version 12.00
# Visual Studio Version 16
VisualStudioVersion = 16.0.30621.155
MinimumVisualStudioVersion = 10.0.40219.1
Project("{FAE04EC0-301F-11D3-BF4B-00C04F79EFBC}") = "ChattingClient", "ChattingClient\ChattingClient.csproj", "{8E0F95CA-07E3-43C8-9810-AB25FB951932}"
EndProject
Global
	GlobalSection(SolutionConfigurationPlatforms) = preSolution
		Debug|Any CPU = Debug|Any CPU
		Release|Any CPU = Release|Any CPU
	EndGlobalSection
	GlobalSection(ProjectConfigurationPlatforms) = postSolution
		{8E0F95CA-07E3-43C8-9810-AB25FB951932}.Debug|Any CPU.ActiveCfg = Debug|Any CPU
		{8E0F95CA-07E3-43C8-9810-AB25FB951932}.Debug|Any CPU.Build.0 = Debug|Any CPU
		{8E0F95CA-07E3-43C8-9810-AB25FB951932}.Release|Any CPU.ActiveCfg = Release|Any CPU
		{8E0F95CA-07E3-43C8-9810-AB25FB951932}.Release|Any CPU.Build.0 = Release|Any CPU
	EndGlobalSection
	GlobalSection(SolutionProperties) = preSolution
		HideSolutionNode = FALSE
	EndGlobalSection
	GlobalSection(ExtensibilityGlobals) = postSolution
		SolutionGuid = {C8FD0BFC-8DB0-42AD-A297-945CCFB122EC}
	EndGlobalSection
EndGlobal
